github.com/mao888/go-errors v1.0.0 h1:J32KN2wokdk0cwqxBDcZsH/lQ+GR70nLG1oya24X3XY=
github.com/mao888/go-errors v1.0.0/go.mod h1:VB2gnhqgYO+OcUUdk6WzS8eM1OZWezwK8+wRrhSfpLE=
github.com/mao888/go-utils v1.1.0 h1:HBBXWbDCB1mcR41IZK1EZy7h+657kEjAavYTE1A08oE=
github.com/mao888/go-utils v1.1.0/go.mod h1:2E0MWhB9/qnIyeME9iDFs1SM4lfw2Q/edHpJF0p8nU0=
